
Microsoft Visual Studio Solution File, Format Version 12.00
# Visual Studio Version 17
VisualStudioVersion = 17.14.36518.9 d17.14
MinimumVisualStudioVersion = 10.0.40219.1
Project("{FAE04EC0-301F-11D3-BF4B-00C04F79EFBC}") = "WebAPI", "WebAPI\WebAPI.csproj", "{0F3C6B2A-6A82-49FD-AC69-B786A5D6A124}"
EndProject
Project("{FAE04EC0-301F-11D3-BF4B-00C04F79EFBC}") = "Tudosa_Stefan_Lab11", "Tudosa_Stefan_Lab11\Tudosa_Stefan_Lab11.csproj", "{6F876043-9A38-497D-AEEA-B951401B8F15}"
EndProject
Global
	GlobalSection(SolutionConfigurationPlatforms) = preSolution
		Debug|Any CPU = Debug|Any CPU
		Release|Any CPU = Release|Any CPU
	EndGlobalSection
	GlobalSection(ProjectConfigurationPlatforms) = postSolution
		{0F3C6B2A-6A82-49FD-AC69-B786A5D6A124}.Debug|Any CPU.ActiveCfg = Debug|Any CPU
		{0F3C6B2A-6A82-49FD-AC69-B786A5D6A124}.Debug|Any CPU.Build.0 = Debug|Any CPU
		{0F3C6B2A-6A82-49FD-AC69-B786A5D6A124}.Release|Any CPU.ActiveCfg = Release|Any CPU
		{0F3C6B2A-6A82-49FD-AC69-B786A5D6A124}.Release|Any CPU.Build.0 = Release|Any CPU
		{6F876043-9A38-497D-AEEA-B951401B8F15}.Debug|Any CPU.ActiveCfg = Debug|Any CPU
		{6F876043-9A38-497D-AEEA-B951401B8F15}.Debug|Any CPU.Build.0 = Debug|Any CPU
		{6F876043-9A38-497D-AEEA-B951401B8F15}.Release|Any CPU.ActiveCfg = Release|Any CPU
		{6F876043-9A38-497D-AEEA-B951401B8F15}.Release|Any CPU.Build.0 = Release|Any CPU
	EndGlobalSection
	GlobalSection(SolutionProperties) = preSolution
		HideSolutionNode = FALSE
	EndGlobalSection
	GlobalSection(ExtensibilityGlobals) = postSolution
		SolutionGuid = {AD9357EF-FD24-4BCA-893B-2AA891A54DEF}
	EndGlobalSection
EndGlobal
